// !$*UTF8*$!
{
	archiveVersion = 1;
	classes = {
	};
	objectVersion = 46;
	objects = {

/* Begin PBXBuildFile section */
		184150444E0895218166D5F1 /* deflate.swift in Sources */ = {isa = PBXBuildFile; fileRef = 1841592F53318E551740F95D /* deflate.swift */; };
		184151328AE83E9E3640FF80 /* UOMHelper.swift in Sources */ = {isa = PBXBuildFile; fileRef = 184154E3BF1F96E0AF50E1EC /* UOMHelper.swift */; };
		184152FDB6605FFCD2FCA6B7 /* crc32.swift in Sources */ = {isa = PBXBuildFile; fileRef = 18415BF854095F9F489FC05B /* crc32.swift */; };
		18415505F6D205704D1F5FDF /* DeviceManager.swift in Sources */ = {isa = PBXBuildFile; fileRef = 1841563FACC0086580FF4C2B /* DeviceManager.swift */; };
		18415555F0E172E7CC4561B4 /* FloatHelper.swift in Sources */ = {isa = PBXBuildFile; fileRef = 184159A377214E7ABA7DCE71 /* FloatHelper.swift */; };
		184157478653F7A07C53A448 /* DisplayFormatHelper.swift in Sources */ = {isa = PBXBuildFile; fileRef = 18415E971ED3D56D67C58AF9 /* DisplayFormatHelper.swift */; };
		1841584B0524455A315CA657 /* Enumerations.swift in Sources */ = {isa = PBXBuildFile; fileRef = 184153FE97E9B80263791AA4 /* Enumerations.swift */; };
		18415A90E3C69944DB3539F2 /* DeviceManagerTests.swift in Sources */ = {isa = PBXBuildFile; fileRef = 184154BB0062952AADAD23EE /* DeviceManagerTests.swift */; };
		18415B3041238E813FA10BFB /* MeterReading.swift in Sources */ = {isa = PBXBuildFile; fileRef = 18415C00509A3EFAC52A9C39 /* MeterReading.swift */; };
		18415B7D2BC34657152F9499 /* Device.swift in Sources */ = {isa = PBXBuildFile; fileRef = 18415C878C0E2852DD6486D5 /* Device.swift */; };
		18415BAF73733CBD25D9674E /* DeviceProtocol.swift in Sources */ = {isa = PBXBuildFile; fileRef = 18415588608CA78E46BFA694 /* DeviceProtocol.swift */; };
		18415C272C09D5FC0E13ACBF /* ThreadHelper.swift in Sources */ = {isa = PBXBuildFile; fileRef = 184153A80C70D13DA19B6CF7 /* ThreadHelper.swift */; };
		18415C347FBA20D79C9D8504 /* Extensions.swift in Sources */ = {isa = PBXBuildFile; fileRef = 184150258C12D04E34C1230E /* Extensions.swift */; };
		D771A2731E691B3F00DF0CC7 /* SwiftDataCompression.swift in Sources */ = {isa = PBXBuildFile; fileRef = D771A2721E691B3F00DF0CC7 /* SwiftDataCompression.swift */; };
		D7988F9D1E062FDA002F7D38 /* NotificationCenter.framework in Frameworks */ = {isa = PBXBuildFile; fileRef = D7988F9C1E062FDA002F7D38 /* NotificationCenter.framework */; };
		D7988FA21E062FDA002F7D38 /* TodayViewController.swift in Sources */ = {isa = PBXBuildFile; fileRef = D7988FA11E062FDA002F7D38 /* TodayViewController.swift */; };
		D7988FA51E062FDA002F7D38 /* TodayViewController.xib in Resources */ = {isa = PBXBuildFile; fileRef = D7988FA31E062FDA002F7D38 /* TodayViewController.xib */; };
		D7988FA91E062FDA002F7D38 /* InfoPlist.strings in Resources */ = {isa = PBXBuildFile; fileRef = D7988FA71E062FDA002F7D38 /* InfoPlist.strings */; };
		D7988FAC1E062FDA002F7D38 /* today-extension.appex in Embed App Extensions */ = {isa = PBXBuildFile; fileRef = D7988F9A1E062FDA002F7D38 /* today-extension.appex */; settings = {ATTRIBUTES = (RemoveHeadersOnCopy, ); }; };
		D7988FB21E06443D002F7D38 /* fluke.png in Resources */ = {isa = PBXBuildFile; fileRef = D7988FB11E06443D002F7D38 /* fluke.png */; };
		D7A310281E881EF400B46F19 /* DeviceContext.swift in Sources */ = {isa = PBXBuildFile; fileRef = D7A310271E881EF400B46F19 /* DeviceContext.swift */; };
		D7A3102F1E88408300B46F19 /* DeviceDebugViewController.swift in Sources */ = {isa = PBXBuildFile; fileRef = D7A3102E1E88408300B46F19 /* DeviceDebugViewController.swift */; };
		D7A310311E88417800B46F19 /* DeviceCommandStatusView.swift in Sources */ = {isa = PBXBuildFile; fileRef = D7A310301E88417800B46F19 /* DeviceCommandStatusView.swift */; };
		D7A310341E88436200B46F19 /* DeviceCommandStatusView.xib in Resources */ = {isa = PBXBuildFile; fileRef = D7A310331E88436200B46F19 /* DeviceCommandStatusView.xib */; };
		D7A310371E88516300B46F19 /* DeviceDebugWindow.swift in Sources */ = {isa = PBXBuildFile; fileRef = D7A310361E88516300B46F19 /* DeviceDebugWindow.swift */; };
		D7A3103B1E8854B100B46F19 /* Debug.storyboard in Resources */ = {isa = PBXBuildFile; fileRef = D7A3103A1E8854B100B46F19 /* Debug.storyboard */; };
		D7A3103D1E885E5B00B46F19 /* DeviceSelectionViewController.swift in Sources */ = {isa = PBXBuildFile; fileRef = D7A3103C1E885E5B00B46F19 /* DeviceSelectionViewController.swift */; };
		D7A8E8571D93565A00606FAE /* DeviceCommand.swift in Sources */ = {isa = PBXBuildFile; fileRef = D7A8E8561D93565A00606FAE /* DeviceCommand.swift */; };
		D7A8E8591D936DB000606FAE /* ConfigTree.swift in Sources */ = {isa = PBXBuildFile; fileRef = D7A8E8581D936DB000606FAE /* ConfigTree.swift */; };
		D7B6843F1D72105C0096F296 /* AppDelegate.swift in Sources */ = {isa = PBXBuildFile; fileRef = D7B6843E1D72105C0096F296 /* AppDelegate.swift */; };
		D7B684431D72105C0096F296 /* Assets.xcassets in Resources */ = {isa = PBXBuildFile; fileRef = D7B684421D72105C0096F296 /* Assets.xcassets */; };
		D7B684461D72105C0096F296 /* Main.storyboard in Resources */ = {isa = PBXBuildFile; fileRef = D7B684441D72105C0096F296 /* Main.storyboard */; };
		D7B684511D72105C0096F296 /* mooshimeter_osxTests.swift in Sources */ = {isa = PBXBuildFile; fileRef = D7B684501D72105C0096F296 /* mooshimeter_osxTests.swift */; };
		D7B6845C1D72105C0096F296 /* mooshimeter_osxUITests.swift in Sources */ = {isa = PBXBuildFile; fileRef = D7B6845B1D72105C0096F296 /* mooshimeter_osxUITests.swift */; };
		D7B6846B1D72117A0096F296 /* BLEManager.swift in Sources */ = {isa = PBXBuildFile; fileRef = D7B6846A1D72117A0096F296 /* BLEManager.swift */; };
		D7B6846E1D721AC70096F296 /* Constants.swift in Sources */ = {isa = PBXBuildFile; fileRef = D7B6846D1D721AC70096F296 /* Constants.swift */; };
		D7B684711D7263810096F296 /* libz.tbd in Frameworks */ = {isa = PBXBuildFile; fileRef = D7B684701D7263810096F296 /* libz.tbd */; };
		D7B684741D7269F40096F296 /* TemperatureHelper.swift in Sources */ = {isa = PBXBuildFile; fileRef = D7B684731D7269F40096F296 /* TemperatureHelper.swift */; };
		D7B684751D72A0910096F296 /* UOMHelperTests.swift in Sources */ = {isa = PBXBuildFile; fileRef = 18415A9C28B1CD4E2742CB04 /* UOMHelperTests.swift */; };
		D7B684781D73A6FD0096F296 /* Async.swift in Sources */ = {isa = PBXBuildFile; fileRef = D7B684771D73A6FD0096F296 /* Async.swift */; };
		D7DAC5111E8881D000703DDC /* ViewController.swift in Sources */ = {isa = PBXBuildFile; fileRef = D7DAC5101E8881D000703DDC /* ViewController.swift */; };
		D7DF26AB1ECC0AA000401042 /* StatisticsManager.swift in Sources */ = {isa = PBXBuildFile; fileRef = D7DF26AA1ECC0AA000401042 /* StatisticsManager.swift */; };
		D7E8D9FF1E6BD34200C78454 /* DeviceEnumerations.swift in Sources */ = {isa = PBXBuildFile; fileRef = D7E8D9FE1E6BD34200C78454 /* DeviceEnumerations.swift */; };
/* End PBXBuildFile section */

/* Begin PBXContainerItemProxy section */
		D7988FAA1E062FDA002F7D38 /* PBXContainerItemProxy */ = {
			isa = PBXContainerItemProxy;
			containerPortal = D7B684331D72105C0096F296 /* Project object */;
			proxyType = 1;
			remoteGlobalIDString = D7988F991E062FDA002F7D38;
			remoteInfo = "today-extension";
		};
		D7B6844D1D72105C0096F296 /* PBXContainerItemProxy */ = {
			isa = PBXContainerItemProxy;
			containerPortal = D7B684331D72105C0096F296 /* Project object */;
			proxyType = 1;
			remoteGlobalIDString = D7B6843A1D72105C0096F296;
			remoteInfo = "mooshimeter-osx";
		};
		D7B684581D72105C0096F296 /* PBXContainerItemProxy */ = {
			isa = PBXContainerItemProxy;
			containerPortal = D7B684331D72105C0096F296 /* Project object */;
			proxyType = 1;
			remoteGlobalIDString = D7B6843A1D72105C0096F296;
			remoteInfo = "mooshimeter-osx";
		};
/* End PBXContainerItemProxy section */

/* Begin PBXCopyFilesBuildPhase section */
		D7988FB01E062FDA002F7D38 /* Embed App Extensions */ = {
			isa = PBXCopyFilesBuildPhase;
			buildActionMask = 2147483647;
			dstPath = "";
			dstSubfolderSpec = 13;
			files = (
				D7988FAC1E062FDA002F7D38 /* today-extension.appex in Embed App Extensions */,
			);
			name = "Embed App Extensions";
			runOnlyForDeploymentPostprocessing = 0;
		};
/* End PBXCopyFilesBuildPhase section */

/* Begin PBXFileReference section */
		184150258C12D04E34C1230E /* Extensions.swift */ = {isa = PBXFileReference; fileEncoding = 4; lastKnownFileType = sourcecode.swift; name = Extensions.swift; path = Common/Extensions.swift; sourceTree = "<group>"; };
		184153A80C70D13DA19B6CF7 /* ThreadHelper.swift */ = {isa = PBXFileReference; fileEncoding = 4; lastKnownFileType = sourcecode.swift; name = ThreadHelper.swift; path = Common/ThreadHelper.swift; sourceTree = "<group>"; };
		184153FE97E9B80263791AA4 /* Enumerations.swift */ = {isa = PBXFileReference; fileEncoding = 4; lastKnownFileType = sourcecode.swift; name = Enumerations.swift; path = Common/Enumerations.swift; sourceTree = "<group>"; };
		184154BB0062952AADAD23EE /* DeviceManagerTests.swift */ = {isa = PBXFileReference; fileEncoding = 4; lastKnownFileType = sourcecode.swift; name = DeviceManagerTests.swift; path = Device/DeviceManagerTests.swift; sourceTree = "<group>"; };
		184154E3BF1F96E0AF50E1EC /* UOMHelper.swift */ = {isa = PBXFileReference; fileEncoding = 4; lastKnownFileType = sourcecode.swift; name = UOMHelper.swift; path = Common/UOMHelper.swift; sourceTree = "<group>"; };
		18415588608CA78E46BFA694 /* DeviceProtocol.swift */ = {isa = PBXFileReference; fileEncoding = 4; lastKnownFileType = sourcecode.swift; path = DeviceProtocol.swift; sourceTree = "<group>"; };
		1841563FACC0086580FF4C2B /* DeviceManager.swift */ = {isa = PBXFileReference; fileEncoding = 4; lastKnownFileType = sourcecode.swift; path = DeviceManager.swift; sourceTree = "<group>"; };
		1841592F53318E551740F95D /* deflate.swift */ = {isa = PBXFileReference; fileEncoding = 4; lastKnownFileType = sourcecode.swift; name = deflate.swift; path = 3rdParty/Deflate/deflate.swift; sourceTree = "<group>"; };
		184159A377214E7ABA7DCE71 /* FloatHelper.swift */ = {isa = PBXFileReference; fileEncoding = 4; lastKnownFileType = sourcecode.swift; name = FloatHelper.swift; path = Common/FloatHelper.swift; sourceTree = "<group>"; };
		18415A9C28B1CD4E2742CB04 /* UOMHelperTests.swift */ = {isa = PBXFileReference; fileEncoding = 4; lastKnownFileType = sourcecode.swift; path = UOMHelperTests.swift; sourceTree = "<group>"; };
		18415BF854095F9F489FC05B /* crc32.swift */ = {isa = PBXFileReference; fileEncoding = 4; lastKnownFileType = sourcecode.swift; name = crc32.swift; path = 3rdParty/CRC32/crc32.swift; sourceTree = "<group>"; };
		18415C00509A3EFAC52A9C39 /* MeterReading.swift */ = {isa = PBXFileReference; fileEncoding = 4; lastKnownFileType = sourcecode.swift; path = MeterReading.swift; sourceTree = "<group>"; };
		18415C878C0E2852DD6486D5 /* Device.swift */ = {isa = PBXFileReference; fileEncoding = 4; lastKnownFileType = sourcecode.swift; path = Device.swift; sourceTree = "<group>"; };
		18415E971ED3D56D67C58AF9 /* DisplayFormatHelper.swift */ = {isa = PBXFileReference; fileEncoding = 4; lastKnownFileType = sourcecode.swift; name = DisplayFormatHelper.swift; path = Common/DisplayFormatHelper.swift; sourceTree = "<group>"; };
		D771A2721E691B3F00DF0CC7 /* SwiftDataCompression.swift */ = {isa = PBXFileReference; fileEncoding = 4; lastKnownFileType = sourcecode.swift; name = SwiftDataCompression.swift; path = 3rdParty/SwiftDataCompression/SwiftDataCompression.swift; sourceTree = "<group>"; };
		D7988F9A1E062FDA002F7D38 /* today-extension.appex */ = {isa = PBXFileReference; explicitFileType = "wrapper.app-extension"; includeInIndex = 0; path = "today-extension.appex"; sourceTree = BUILT_PRODUCTS_DIR; };
		D7988F9C1E062FDA002F7D38 /* NotificationCenter.framework */ = {isa = PBXFileReference; lastKnownFileType = wrapper.framework; name = NotificationCenter.framework; path = System/Library/Frameworks/NotificationCenter.framework; sourceTree = SDKROOT; };
		D7988FA01E062FDA002F7D38 /* today_extension.entitlements */ = {isa = PBXFileReference; lastKnownFileType = text.plist.entitlements; path = today_extension.entitlements; sourceTree = "<group>"; };
		D7988FA11E062FDA002F7D38 /* TodayViewController.swift */ = {isa = PBXFileReference; lastKnownFileType = sourcecode.swift; path = TodayViewController.swift; sourceTree = "<group>"; };
		D7988FA41E062FDA002F7D38 /* Base */ = {isa = PBXFileReference; lastKnownFileType = file.xib; name = Base; path = Base.lproj/TodayViewController.xib; sourceTree = "<group>"; };
		D7988FA61E062FDA002F7D38 /* Info.plist */ = {isa = PBXFileReference; lastKnownFileType = text.plist.xml; path = Info.plist; sourceTree = "<group>"; };
		D7988FA81E062FDA002F7D38 /* en */ = {isa = PBXFileReference; lastKnownFileType = text.plist.strings; name = en; path = en.lproj/InfoPlist.strings; sourceTree = "<group>"; };
		D7988FB11E06443D002F7D38 /* fluke.png */ = {isa = PBXFileReference; lastKnownFileType = image.png; path = fluke.png; sourceTree = "<group>"; };
		D7A310271E881EF400B46F19 /* DeviceContext.swift */ = {isa = PBXFileReference; fileEncoding = 4; lastKnownFileType = sourcecode.swift; path = DeviceContext.swift; sourceTree = "<group>"; };
		D7A3102E1E88408300B46F19 /* DeviceDebugViewController.swift */ = {isa = PBXFileReference; fileEncoding = 4; lastKnownFileType = sourcecode.swift; name = DeviceDebugViewController.swift; path = UI/ViewControllers/DeviceDebugViewController.swift; sourceTree = "<group>"; };
		D7A310301E88417800B46F19 /* DeviceCommandStatusView.swift */ = {isa = PBXFileReference; fileEncoding = 4; lastKnownFileType = sourcecode.swift; name = DeviceCommandStatusView.swift; path = UI/ViewControllers/DeviceCommandStatusView.swift; sourceTree = "<group>"; };
		D7A310331E88436200B46F19 /* DeviceCommandStatusView.xib */ = {isa = PBXFileReference; fileEncoding = 4; lastKnownFileType = file.xib; name = DeviceCommandStatusView.xib; path = Resources/DeviceCommandStatusView.xib; sourceTree = "<group>"; };
		D7A310361E88516300B46F19 /* DeviceDebugWindow.swift */ = {isa = PBXFileReference; fileEncoding = 4; lastKnownFileType = sourcecode.swift; name = DeviceDebugWindow.swift; path = UI/Windows/DeviceDebugWindow.swift; sourceTree = "<group>"; };
		D7A3103A1E8854B100B46F19 /* Debug.storyboard */ = {isa = PBXFileReference; fileEncoding = 4; lastKnownFileType = file.storyboard; name = Debug.storyboard; path = Resources/Debug.storyboard; sourceTree = "<group>"; };
		D7A3103C1E885E5B00B46F19 /* DeviceSelectionViewController.swift */ = {isa = PBXFileReference; fileEncoding = 4; lastKnownFileType = sourcecode.swift; name = DeviceSelectionViewController.swift; path = UI/ViewControllers/DeviceSelectionViewController.swift; sourceTree = "<group>"; };
		D7A8E8561D93565A00606FAE /* DeviceCommand.swift */ = {isa = PBXFileReference; fileEncoding = 4; lastKnownFileType = sourcecode.swift; path = DeviceCommand.swift; sourceTree = "<group>"; };
		D7A8E8581D936DB000606FAE /* ConfigTree.swift */ = {isa = PBXFileReference; fileEncoding = 4; lastKnownFileType = sourcecode.swift; path = ConfigTree.swift; sourceTree = "<group>"; };
		D7B6843B1D72105C0096F296 /* mooshimeter-osx.app */ = {isa = PBXFileReference; explicitFileType = wrapper.application; includeInIndex = 0; path = "mooshimeter-osx.app"; sourceTree = BUILT_PRODUCTS_DIR; };
		D7B6843E1D72105C0096F296 /* AppDelegate.swift */ = {isa = PBXFileReference; lastKnownFileType = sourcecode.swift; path = AppDelegate.swift; sourceTree = "<group>"; };
		D7B684421D72105C0096F296 /* Assets.xcassets */ = {isa = PBXFileReference; lastKnownFileType = folder.assetcatalog; path = Assets.xcassets; sourceTree = "<group>"; };
		D7B684451D72105C0096F296 /* Base */ = {isa = PBXFileReference; lastKnownFileType = file.storyboard; name = Base; path = Base.lproj/Main.storyboard; sourceTree = "<group>"; };
		D7B684471D72105C0096F296 /* Info.plist */ = {isa = PBXFileReference; lastKnownFileType = text.plist.xml; path = Info.plist; sourceTree = "<group>"; };
		D7B6844C1D72105C0096F296 /* mooshimeter-osxTests.xctest */ = {isa = PBXFileReference; explicitFileType = wrapper.cfbundle; includeInIndex = 0; path = "mooshimeter-osxTests.xctest"; sourceTree = BUILT_PRODUCTS_DIR; };
		D7B684501D72105C0096F296 /* mooshimeter_osxTests.swift */ = {isa = PBXFileReference; lastKnownFileType = sourcecode.swift; path = mooshimeter_osxTests.swift; sourceTree = "<group>"; };
		D7B684521D72105C0096F296 /* Info.plist */ = {isa = PBXFileReference; lastKnownFileType = text.plist.xml; path = Info.plist; sourceTree = "<group>"; };
		D7B684571D72105C0096F296 /* mooshimeter-osxUITests.xctest */ = {isa = PBXFileReference; explicitFileType = wrapper.cfbundle; includeInIndex = 0; path = "mooshimeter-osxUITests.xctest"; sourceTree = BUILT_PRODUCTS_DIR; };
		D7B6845B1D72105C0096F296 /* mooshimeter_osxUITests.swift */ = {isa = PBXFileReference; lastKnownFileType = sourcecode.swift; path = mooshimeter_osxUITests.swift; sourceTree = "<group>"; };
		D7B6845D1D72105C0096F296 /* Info.plist */ = {isa = PBXFileReference; lastKnownFileType = text.plist.xml; path = Info.plist; sourceTree = "<group>"; };
		D7B6846A1D72117A0096F296 /* BLEManager.swift */ = {isa = PBXFileReference; fileEncoding = 4; lastKnownFileType = sourcecode.swift; name = BLEManager.swift; path = BLE/BLEManager.swift; sourceTree = "<group>"; };
		D7B6846D1D721AC70096F296 /* Constants.swift */ = {isa = PBXFileReference; fileEncoding = 4; lastKnownFileType = sourcecode.swift; name = Constants.swift; path = Common/Constants.swift; sourceTree = "<group>"; };
		D7B684701D7263810096F296 /* libz.tbd */ = {isa = PBXFileReference; lastKnownFileType = "sourcecode.text-based-dylib-definition"; name = libz.tbd; path = usr/lib/libz.tbd; sourceTree = SDKROOT; };
		D7B684731D7269F40096F296 /* TemperatureHelper.swift */ = {isa = PBXFileReference; fileEncoding = 4; lastKnownFileType = sourcecode.swift; name = TemperatureHelper.swift; path = Common/TemperatureHelper.swift; sourceTree = "<group>"; };
		D7B684771D73A6FD0096F296 /* Async.swift */ = {isa = PBXFileReference; fileEncoding = 4; lastKnownFileType = sourcecode.swift; name = Async.swift; path = 3rdParty/Async/Async.swift; sourceTree = "<group>"; };
		D7DAC5101E8881D000703DDC /* ViewController.swift */ = {isa = PBXFileReference; fileEncoding = 4; lastKnownFileType = sourcecode.swift; name = ViewController.swift; path = UI/ViewControllers/ViewController.swift; sourceTree = "<group>"; };
		D7DF26AA1ECC0AA000401042 /* StatisticsManager.swift */ = {isa = PBXFileReference; fileEncoding = 4; lastKnownFileType = sourcecode.swift; name = StatisticsManager.swift; path = Stats/StatisticsManager.swift; sourceTree = "<group>"; };
		D7E8D9FE1E6BD34200C78454 /* DeviceEnumerations.swift */ = {isa = PBXFileReference; fileEncoding = 4; lastKnownFileType = sourcecode.swift; path = DeviceEnumerations.swift; sourceTree = "<group>"; };
/* End PBXFileReference section */

/* Begin PBXFrameworksBuildPhase section */
		D7988F971E062FDA002F7D38 /* Frameworks */ = {
			isa = PBXFrameworksBuildPhase;
			buildActionMask = 2147483647;
			files = (
				D7988F9D1E062FDA002F7D38 /* NotificationCenter.framework in Frameworks */,
			);
			runOnlyForDeploymentPostprocessing = 0;
		};
		D7B684381D72105C0096F296 /* Frameworks */ = {
			isa = PBXFrameworksBuildPhase;
			buildActionMask = 2147483647;
			files = (
				D7B684711D7263810096F296 /* libz.tbd in Frameworks */,
			);
			runOnlyForDeploymentPostprocessing = 0;
		};
		D7B684491D72105C0096F296 /* Frameworks */ = {
			isa = PBXFrameworksBuildPhase;
			buildActionMask = 2147483647;
			files = (
			);
			runOnlyForDeploymentPostprocessing = 0;
		};
		D7B684541D72105C0096F296 /* Frameworks */ = {
			isa = PBXFrameworksBuildPhase;
			buildActionMask = 2147483647;
			files = (
			);
			runOnlyForDeploymentPostprocessing = 0;
		};
/* End PBXFrameworksBuildPhase section */

/* Begin PBXGroup section */
		1841524CED44AB94A45B9AF1 /* Device */ = {
			isa = PBXGroup;
			children = (
				1841563FACC0086580FF4C2B /* DeviceManager.swift */,
				18415C878C0E2852DD6486D5 /* Device.swift */,
				18415588608CA78E46BFA694 /* DeviceProtocol.swift */,
				D7A8E8561D93565A00606FAE /* DeviceCommand.swift */,
				D7A8E8581D936DB000606FAE /* ConfigTree.swift */,
				D7E8D9FE1E6BD34200C78454 /* DeviceEnumerations.swift */,
				D7A310271E881EF400B46F19 /* DeviceContext.swift */,
			);
			path = Device;
			sourceTree = "<group>";
		};
		1841556BDA63EBE43B167DDE /* Measurements */ = {
			isa = PBXGroup;
			children = (
				18415C00509A3EFAC52A9C39 /* MeterReading.swift */,
			);
			path = Measurements;
			sourceTree = "<group>";
		};
		184156B74954B5CBF091DF4E /* 3rdParty */ = {
			isa = PBXGroup;
			children = (
				D771A2711E691B2D00DF0CC7 /* SwiftDataCompression */,
				D7B684761D73A6ED0096F296 /* Async */,
				184158F84D6CD5D26CA68EBC /* Deflate */,
				18415C2440D51BBC26383224 /* CRC32 */,
			);
			name = 3rdParty;
			sourceTree = "<group>";
		};
		184158F84D6CD5D26CA68EBC /* Deflate */ = {
			isa = PBXGroup;
			children = (
				1841592F53318E551740F95D /* deflate.swift */,
			);
			name = Deflate;
			sourceTree = "<group>";
		};
		18415A690F1284E4825FB89B /* Common */ = {
			isa = PBXGroup;
			children = (
				18415A9C28B1CD4E2742CB04 /* UOMHelperTests.swift */,
			);
			path = Common;
			sourceTree = "<group>";
		};
		18415C2440D51BBC26383224 /* CRC32 */ = {
			isa = PBXGroup;
			children = (
				18415BF854095F9F489FC05B /* crc32.swift */,
			);
			name = CRC32;
			sourceTree = "<group>";
		};
		18415DD02124CC2448CD9D5E /* Settings */ = {
			isa = PBXGroup;
			children = (
			);
			path = Settings;
			sourceTree = "<group>";
		};
		D771A2711E691B2D00DF0CC7 /* SwiftDataCompression */ = {
			isa = PBXGroup;
			children = (
				D771A2721E691B3F00DF0CC7 /* SwiftDataCompression.swift */,
			);
			name = SwiftDataCompression;
			sourceTree = "<group>";
		};
		D7988F9B1E062FDA002F7D38 /* Frameworks */ = {
			isa = PBXGroup;
			children = (
				D7988F9C1E062FDA002F7D38 /* NotificationCenter.framework */,
			);
			name = Frameworks;
			sourceTree = "<group>";
		};
		D7988F9E1E062FDA002F7D38 /* today-extension */ = {
			isa = PBXGroup;
			children = (
				D7988FB11E06443D002F7D38 /* fluke.png */,
				D7988FA11E062FDA002F7D38 /* TodayViewController.swift */,
				D7988FA31E062FDA002F7D38 /* TodayViewController.xib */,
				D7988FA61E062FDA002F7D38 /* Info.plist */,
				D7988FA71E062FDA002F7D38 /* InfoPlist.strings */,
				D7988F9F1E062FDA002F7D38 /* Supporting Files */,
			);
			path = "today-extension";
			sourceTree = "<group>";
		};
		D7988F9F1E062FDA002F7D38 /* Supporting Files */ = {
			isa = PBXGroup;
			children = (
				D7988FA01E062FDA002F7D38 /* today_extension.entitlements */,
			);
			name = "Supporting Files";
			sourceTree = "<group>";
		};
		D7A310291E883D2000B46F19 /* UI */ = {
			isa = PBXGroup;
			children = (
				D7A310351E88514700B46F19 /* Windows */,
				D7A3102B1E883D3A00B46F19 /* Views */,
				D7A3102A1E883D2E00B46F19 /* ViewControllers */,
			);
			name = UI;
			sourceTree = "<group>";
		};
		D7A3102A1E883D2E00B46F19 /* ViewControllers */ = {
			isa = PBXGroup;
			children = (
				D7DAC5101E8881D000703DDC /* ViewController.swift */,
				D7A3102E1E88408300B46F19 /* DeviceDebugViewController.swift */,
				D7A3103C1E885E5B00B46F19 /* DeviceSelectionViewController.swift */,
			);
			name = ViewControllers;
			sourceTree = "<group>";
		};
		D7A3102B1E883D3A00B46F19 /* Views */ = {
			isa = PBXGroup;
			children = (
				D7A310301E88417800B46F19 /* DeviceCommandStatusView.swift */,
			);
			name = Views;
			sourceTree = "<group>";
		};
		D7A310321E88432500B46F19 /* Resources */ = {
			isa = PBXGroup;
			children = (
				D7B684421D72105C0096F296 /* Assets.xcassets */,
				D7B684441D72105C0096F296 /* Main.storyboard */,
				D7A3103A1E8854B100B46F19 /* Debug.storyboard */,
				D7A310331E88436200B46F19 /* DeviceCommandStatusView.xib */,
			);
			name = Resources;
			sourceTree = "<group>";
		};
		D7A310351E88514700B46F19 /* Windows */ = {
			isa = PBXGroup;
			children = (
				D7A310361E88516300B46F19 /* DeviceDebugWindow.swift */,
			);
			name = Windows;
			sourceTree = "<group>";
		};
		D7B684321D72105C0096F296 = {
			isa = PBXGroup;
			children = (
				D7B6843D1D72105C0096F296 /* mooshimeter-osx */,
				D7B6844F1D72105C0096F296 /* mooshimeter-osxTests */,
				D7B6845A1D72105C0096F296 /* mooshimeter-osxUITests */,
				D7988F9E1E062FDA002F7D38 /* today-extension */,
				D7988F9B1E062FDA002F7D38 /* Frameworks */,
				D7B6843C1D72105C0096F296 /* Products */,
			);
			sourceTree = "<group>";
		};
		D7B6843C1D72105C0096F296 /* Products */ = {
			isa = PBXGroup;
			children = (
				D7B6843B1D72105C0096F296 /* mooshimeter-osx.app */,
				D7B6844C1D72105C0096F296 /* mooshimeter-osxTests.xctest */,
				D7B684571D72105C0096F296 /* mooshimeter-osxUITests.xctest */,
				D7988F9A1E062FDA002F7D38 /* today-extension.appex */,
			);
			name = Products;
			sourceTree = "<group>";
		};
		D7B6843D1D72105C0096F296 /* mooshimeter-osx */ = {
			isa = PBXGroup;
			children = (
				184156B74954B5CBF091DF4E /* 3rdParty */,
				D7B6846C1D721AB20096F296 /* Common */,
				D7B684691D7211650096F296 /* BLE */,
				1841524CED44AB94A45B9AF1 /* Device */,
				1841556BDA63EBE43B167DDE /* Measurements */,
				D7DF26A91ECC0A6C00401042 /* Stats */,
				D7A310291E883D2000B46F19 /* UI */,
				D7B6843E1D72105C0096F296 /* AppDelegate.swift */,
				D7A310321E88432500B46F19 /* Resources */,
				D7B684471D72105C0096F296 /* Info.plist */,
				D7B684721D7264FD0096F296 /* Frameworks */,
				18415DD02124CC2448CD9D5E /* Settings */,
			);
			path = "mooshimeter-osx";
			sourceTree = "<group>";
		};
		D7B6844F1D72105C0096F296 /* mooshimeter-osxTests */ = {
			isa = PBXGroup;
			children = (
				18415A690F1284E4825FB89B /* Common */,
				D7B6846F1D7259990096F296 /* Device */,
				D7B684501D72105C0096F296 /* mooshimeter_osxTests.swift */,
				D7B684521D72105C0096F296 /* Info.plist */,
			);
			path = "mooshimeter-osxTests";
			sourceTree = "<group>";
		};
		D7B6845A1D72105C0096F296 /* mooshimeter-osxUITests */ = {
			isa = PBXGroup;
			children = (
				D7B6845B1D72105C0096F296 /* mooshimeter_osxUITests.swift */,
				D7B6845D1D72105C0096F296 /* Info.plist */,
			);
			path = "mooshimeter-osxUITests";
			sourceTree = "<group>";
		};
		D7B684691D7211650096F296 /* BLE */ = {
			isa = PBXGroup;
			children = (
				D7B6846A1D72117A0096F296 /* BLEManager.swift */,
			);
			name = BLE;
			sourceTree = "<group>";
		};
		D7B6846C1D721AB20096F296 /* Common */ = {
			isa = PBXGroup;
			children = (
				D7B6846D1D721AC70096F296 /* Constants.swift */,
				184150258C12D04E34C1230E /* Extensions.swift */,
				184153FE97E9B80263791AA4 /* Enumerations.swift */,
				D7B684731D7269F40096F296 /* TemperatureHelper.swift */,
				18415E971ED3D56D67C58AF9 /* DisplayFormatHelper.swift */,
				184154E3BF1F96E0AF50E1EC /* UOMHelper.swift */,
				184159A377214E7ABA7DCE71 /* FloatHelper.swift */,
				184153A80C70D13DA19B6CF7 /* ThreadHelper.swift */,
			);
			name = Common;
			sourceTree = "<group>";
		};
		D7B6846F1D7259990096F296 /* Device */ = {
			isa = PBXGroup;
			children = (
				184154BB0062952AADAD23EE /* DeviceManagerTests.swift */,
			);
			name = Device;
			sourceTree = "<group>";
		};
		D7B684721D7264FD0096F296 /* Frameworks */ = {
			isa = PBXGroup;
			children = (
				D7B684701D7263810096F296 /* libz.tbd */,
			);
			name = Frameworks;
			path = ..;
			sourceTree = "<group>";
		};
		D7B684761D73A6ED0096F296 /* Async */ = {
			isa = PBXGroup;
			children = (
				D7B684771D73A6FD0096F296 /* Async.swift */,
			);
			name = Async;
			sourceTree = "<group>";
		};
		D7DF26A91ECC0A6C00401042 /* Stats */ = {
			isa = PBXGroup;
			children = (
				D7DF26AA1ECC0AA000401042 /* StatisticsManager.swift */,
			);
			name = Stats;
			sourceTree = "<group>";
		};
/* End PBXGroup section */

/* Begin PBXNativeTarget section */
		D7988F991E062FDA002F7D38 /* today-extension */ = {
			isa = PBXNativeTarget;
			buildConfigurationList = D7988FAD1E062FDA002F7D38 /* Build configuration list for PBXNativeTarget "today-extension" */;
			buildPhases = (
				D7988F961E062FDA002F7D38 /* Sources */,
				D7988F971E062FDA002F7D38 /* Frameworks */,
				D7988F981E062FDA002F7D38 /* Resources */,
			);
			buildRules = (
			);
			dependencies = (
			);
			name = "today-extension";
			productName = "today-extension";
			productReference = D7988F9A1E062FDA002F7D38 /* today-extension.appex */;
			productType = "com.apple.product-type.app-extension";
		};
		D7B6843A1D72105C0096F296 /* mooshimeter-osx */ = {
			isa = PBXNativeTarget;
			buildConfigurationList = D7B684601D72105C0096F296 /* Build configuration list for PBXNativeTarget "mooshimeter-osx" */;
			buildPhases = (
				D7B684371D72105C0096F296 /* Sources */,
				D7B684381D72105C0096F296 /* Frameworks */,
				D7B684391D72105C0096F296 /* Resources */,
				D7988FB01E062FDA002F7D38 /* Embed App Extensions */,
			);
			buildRules = (
			);
			dependencies = (
				D7988FAB1E062FDA002F7D38 /* PBXTargetDependency */,
			);
			name = "mooshimeter-osx";
			productName = "mooshimeter-osx";
			productReference = D7B6843B1D72105C0096F296 /* mooshimeter-osx.app */;
			productType = "com.apple.product-type.application";
		};
		D7B6844B1D72105C0096F296 /* mooshimeter-osxTests */ = {
			isa = PBXNativeTarget;
			buildConfigurationList = D7B684631D72105C0096F296 /* Build configuration list for PBXNativeTarget "mooshimeter-osxTests" */;
			buildPhases = (
				D7B684481D72105C0096F296 /* Sources */,
				D7B684491D72105C0096F296 /* Frameworks */,
				D7B6844A1D72105C0096F296 /* Resources */,
			);
			buildRules = (
			);
			dependencies = (
				D7B6844E1D72105C0096F296 /* PBXTargetDependency */,
			);
			name = "mooshimeter-osxTests";
			productName = "mooshimeter-osxTests";
			productReference = D7B6844C1D72105C0096F296 /* mooshimeter-osxTests.xctest */;
			productType = "com.apple.product-type.bundle.unit-test";
		};
		D7B684561D72105C0096F296 /* mooshimeter-osxUITests */ = {
			isa = PBXNativeTarget;
			buildConfigurationList = D7B684661D72105C0096F296 /* Build configuration list for PBXNativeTarget "mooshimeter-osxUITests" */;
			buildPhases = (
				D7B684531D72105C0096F296 /* Sources */,
				D7B684541D72105C0096F296 /* Frameworks */,
				D7B684551D72105C0096F296 /* Resources */,
			);
			buildRules = (
			);
			dependencies = (
				D7B684591D72105C0096F296 /* PBXTargetDependency */,
			);
			name = "mooshimeter-osxUITests";
			productName = "mooshimeter-osxUITests";
			productReference = D7B684571D72105C0096F296 /* mooshimeter-osxUITests.xctest */;
			productType = "com.apple.product-type.bundle.ui-testing";
		};
/* End PBXNativeTarget section */

/* Begin PBXProject section */
		D7B684331D72105C0096F296 /* Project object */ = {
			isa = PBXProject;
			attributes = {
				LastSwiftUpdateCheck = 0820;
				LastUpgradeCheck = 0800;
				ORGANIZATIONNAME = alfishe;
				TargetAttributes = {
					D7988F991E062FDA002F7D38 = {
						CreatedOnToolsVersion = 8.2;
						DevelopmentTeam = 728R6XS6K7;
						ProvisioningStyle = Automatic;
					};
					D7B6843A1D72105C0096F296 = {
						CreatedOnToolsVersion = 7.3.1;
						DevelopmentTeam = 728R6XS6K7;
						LastSwiftMigration = 0820;
						ProvisioningStyle = Automatic;
					};
					D7B6844B1D72105C0096F296 = {
						CreatedOnToolsVersion = 7.3.1;
						LastSwiftMigration = 0820;
						TestTargetID = D7B6843A1D72105C0096F296;
					};
					D7B684561D72105C0096F296 = {
						CreatedOnToolsVersion = 7.3.1;
						LastSwiftMigration = 0820;
						TestTargetID = D7B6843A1D72105C0096F296;
					};
				};
			};
			buildConfigurationList = D7B684361D72105C0096F296 /* Build configuration list for PBXProject "mooshimeter-osx" */;
			compatibilityVersion = "Xcode 3.2";
			developmentRegion = English;
			hasScannedForEncodings = 0;
			knownRegions = (
				en,
				Base,
			);
			mainGroup = D7B684321D72105C0096F296;
			productRefGroup = D7B6843C1D72105C0096F296 /* Products */;
			projectDirPath = "";
			projectRoot = "";
			targets = (
				D7B6843A1D72105C0096F296 /* mooshimeter-osx */,
				D7B6844B1D72105C0096F296 /* mooshimeter-osxTests */,
				D7B684561D72105C0096F296 /* mooshimeter-osxUITests */,
				D7988F991E062FDA002F7D38 /* today-extension */,
			);
		};
/* End PBXProject section */

/* Begin PBXResourcesBuildPhase section */
		D7988F981E062FDA002F7D38 /* Resources */ = {
			isa = PBXResourcesBuildPhase;
			buildActionMask = 2147483647;
			files = (
				D7988FB21E06443D002F7D38 /* fluke.png in Resources */,
				D7988FA51E062FDA002F7D38 /* TodayViewController.xib in Resources */,
				D7988FA91E062FDA002F7D38 /* InfoPlist.strings in Resources */,
			);
			runOnlyForDeploymentPostprocessing = 0;
		};
		D7B684391D72105C0096F296 /* Resources */ = {
			isa = PBXResourcesBuildPhase;
			buildActionMask = 2147483647;
			files = (
				D7B684431D72105C0096F296 /* Assets.xcassets in Resources */,
				D7A3103B1E8854B100B46F19 /* Debug.storyboard in Resources */,
				D7B684461D72105C0096F296 /* Main.storyboard in Resources */,
				D7A310341E88436200B46F19 /* DeviceCommandStatusView.xib in Resources */,
			);
			runOnlyForDeploymentPostprocessing = 0;
		};
		D7B6844A1D72105C0096F296 /* Resources */ = {
			isa = PBXResourcesBuildPhase;
			buildActionMask = 2147483647;
			files = (
			);
			runOnlyForDeploymentPostprocessing = 0;
		};
		D7B684551D72105C0096F296 /* Resources */ = {
			isa = PBXResourcesBuildPhase;
			buildActionMask = 2147483647;
			files = (
			);
			runOnlyForDeploymentPostprocessing = 0;
		};
/* End PBXResourcesBuildPhase section */

/* Begin PBXSourcesBuildPhase section */
		D7988F961E062FDA002F7D38 /* Sources */ = {
			isa = PBXSourcesBuildPhase;
			buildActionMask = 2147483647;
			files = (
				D7988FA21E062FDA002F7D38 /* TodayViewController.swift in Sources */,
			);
			runOnlyForDeploymentPostprocessing = 0;
		};
		D7B684371D72105C0096F296 /* Sources */ = {
			isa = PBXSourcesBuildPhase;
			buildActionMask = 2147483647;
			files = (
				D7B6846B1D72117A0096F296 /* BLEManager.swift in Sources */,
				D7A310371E88516300B46F19 /* DeviceDebugWindow.swift in Sources */,
				D7B6843F1D72105C0096F296 /* AppDelegate.swift in Sources */,
				D7B6846E1D721AC70096F296 /* Constants.swift in Sources */,
				18415C347FBA20D79C9D8504 /* Extensions.swift in Sources */,
				D7E8D9FF1E6BD34200C78454 /* DeviceEnumerations.swift in Sources */,
				18415505F6D205704D1F5FDF /* DeviceManager.swift in Sources */,
				18415B7D2BC34657152F9499 /* Device.swift in Sources */,
				D7A310311E88417800B46F19 /* DeviceCommandStatusView.swift in Sources */,
				D7A3102F1E88408300B46F19 /* DeviceDebugViewController.swift in Sources */,
				D7B684781D73A6FD0096F296 /* Async.swift in Sources */,
				D7B684741D7269F40096F296 /* TemperatureHelper.swift in Sources */,
				184150444E0895218166D5F1 /* deflate.swift in Sources */,
				D7A8E8591D936DB000606FAE /* ConfigTree.swift in Sources */,
				1841584B0524455A315CA657 /* Enumerations.swift in Sources */,
				D7A8E8571D93565A00606FAE /* DeviceCommand.swift in Sources */,
				184152FDB6605FFCD2FCA6B7 /* crc32.swift in Sources */,
				D7A310281E881EF400B46F19 /* DeviceContext.swift in Sources */,
				18415B3041238E813FA10BFB /* MeterReading.swift in Sources */,
				184157478653F7A07C53A448 /* DisplayFormatHelper.swift in Sources */,
				184151328AE83E9E3640FF80 /* UOMHelper.swift in Sources */,
				D7DAC5111E8881D000703DDC /* ViewController.swift in Sources */,
				18415555F0E172E7CC4561B4 /* FloatHelper.swift in Sources */,
				D7A3103D1E885E5B00B46F19 /* DeviceSelectionViewController.swift in Sources */,
				D7DF26AB1ECC0AA000401042 /* StatisticsManager.swift in Sources */,
				18415BAF73733CBD25D9674E /* DeviceProtocol.swift in Sources */,
				D771A2731E691B3F00DF0CC7 /* SwiftDataCompression.swift in Sources */,
				18415C272C09D5FC0E13ACBF /* ThreadHelper.swift in Sources */,
			);
			runOnlyForDeploymentPostprocessing = 0;
		};
		D7B684481D72105C0096F296 /* Sources */ = {
			isa = PBXSourcesBuildPhase;
			buildActionMask = 2147483647;
			files = (
				D7B684751D72A0910096F296 /* UOMHelperTests.swift in Sources */,
				D7B684511D72105C0096F296 /* mooshimeter_osxTests.swift in Sources */,
				18415A90E3C69944DB3539F2 /* DeviceManagerTests.swift in Sources */,
			);
			runOnlyForDeploymentPostprocessing = 0;
		};
		D7B684531D72105C0096F296 /* Sources */ = {
			isa = PBXSourcesBuildPhase;
			buildActionMask = 2147483647;
			files = (
				D7B6845C1D72105C0096F296 /* mooshimeter_osxUITests.swift in Sources */,
			);
			runOnlyForDeploymentPostprocessing = 0;
		};
/* End PBXSourcesBuildPhase section */

/* Begin PBXTargetDependency section */
		D7988FAB1E062FDA002F7D38 /* PBXTargetDependency */ = {
			isa = PBXTargetDependency;
			target = D7988F991E062FDA002F7D38 /* today-extension */;
			targetProxy = D7988FAA1E062FDA002F7D38 /* PBXContainerItemProxy */;
		};
		D7B6844E1D72105C0096F296 /* PBXTargetDependency */ = {
			isa = PBXTargetDependency;
			target = D7B6843A1D72105C0096F296 /* mooshimeter-osx */;
			targetProxy = D7B6844D1D72105C0096F296 /* PBXContainerItemProxy */;
		};
		D7B684591D72105C0096F296 /* PBXTargetDependency */ = {
			isa = PBXTargetDependency;
			target = D7B6843A1D72105C0096F296 /* mooshimeter-osx */;
			targetProxy = D7B684581D72105C0096F296 /* PBXContainerItemProxy */;
		};
/* End PBXTargetDependency section */

/* Begin PBXVariantGroup section */
		D7988FA31E062FDA002F7D38 /* TodayViewController.xib */ = {
			isa = PBXVariantGroup;
			children = (
				D7988FA41E062FDA002F7D38 /* Base */,
			);
			name = TodayViewController.xib;
			sourceTree = "<group>";
		};
		D7988FA71E062FDA002F7D38 /* InfoPlist.strings */ = {
			isa = PBXVariantGroup;
			children = (
				D7988FA81E062FDA002F7D38 /* en */,
			);
			name = InfoPlist.strings;
			sourceTree = "<group>";
		};
		D7B684441D72105C0096F296 /* Main.storyboard */ = {
			isa = PBXVariantGroup;
			children = (
				D7B684451D72105C0096F296 /* Base */,
			);
			name = Main.storyboard;
			sourceTree = "<group>";
		};
/* End PBXVariantGroup section */

/* Begin XCBuildConfiguration section */
		D7988FAE1E062FDA002F7D38 /* Debug */ = {
			isa = XCBuildConfiguration;
			buildSettings = {
				CLANG_WARN_DOCUMENTATION_COMMENTS = YES;
				CODE_SIGN_ENTITLEMENTS = "today-extension/today_extension.entitlements";
				CODE_SIGN_IDENTITY = "Mac Developer";
				COMBINE_HIDPI_IMAGES = YES;
				DEVELOPMENT_TEAM = 728R6XS6K7;
				INFOPLIST_FILE = "today-extension/Info.plist";
				LD_RUNPATH_SEARCH_PATHS = "$(inherited) @executable_path/../Frameworks @executable_path/../../../../Frameworks";
				PRODUCT_BUNDLE_IDENTIFIER = "com.alfishe.mooshimeter-osx.today-extension";
				PRODUCT_NAME = "$(TARGET_NAME)";
				SKIP_INSTALL = YES;
				SWIFT_ACTIVE_COMPILATION_CONDITIONS = DEBUG;
				SWIFT_VERSION = 3.0;
			};
			name = Debug;
		};
		D7988FAF1E062FDA002F7D38 /* Release */ = {
			isa = XCBuildConfiguration;
			buildSettings = {
				CLANG_WARN_DOCUMENTATION_COMMENTS = YES;
				CODE_SIGN_ENTITLEMENTS = "today-extension/today_extension.entitlements";
				CODE_SIGN_IDENTITY = "Mac Developer";
				COMBINE_HIDPI_IMAGES = YES;
				DEVELOPMENT_TEAM = 728R6XS6K7;
				INFOPLIST_FILE = "today-extension/Info.plist";
				LD_RUNPATH_SEARCH_PATHS = "$(inherited) @executable_path/../Frameworks @executable_path/../../../../Frameworks";
				PRODUCT_BUNDLE_IDENTIFIER = "com.alfishe.mooshimeter-osx.today-extension";
				PRODUCT_NAME = "$(TARGET_NAME)";
				SKIP_INSTALL = YES;
				SWIFT_VERSION = 3.0;
			};
			name = Release;
		};
		D7B6845E1D72105C0096F296 /* Debug */ = {
			isa = XCBuildConfiguration;
			buildSettings = {
				ALWAYS_SEARCH_USER_PATHS = NO;
				CLANG_ANALYZER_NONNULL = YES;
				CLANG_CXX_LANGUAGE_STANDARD = "gnu++0x";
				CLANG_CXX_LIBRARY = "libc++";
				CLANG_ENABLE_MODULES = YES;
				CLANG_ENABLE_OBJC_ARC = YES;
				CLANG_WARN_BOOL_CONVERSION = YES;
				CLANG_WARN_CONSTANT_CONVERSION = YES;
				CLANG_WARN_DIRECT_OBJC_ISA_USAGE = YES_ERROR;
				CLANG_WARN_EMPTY_BODY = YES;
				CLANG_WARN_ENUM_CONVERSION = YES;
				CLANG_WARN_INFINITE_RECURSION = YES;
				CLANG_WARN_INT_CONVERSION = YES;
				CLANG_WARN_OBJC_ROOT_CLASS = YES_ERROR;
				CLANG_WARN_SUSPICIOUS_MOVE = YES;
				CLANG_WARN_UNREACHABLE_CODE = YES;
				CLANG_WARN__DUPLICATE_METHOD_MATCH = YES;
				CODE_SIGN_IDENTITY = "-";
				COPY_PHASE_STRIP = NO;
				DEBUG_INFORMATION_FORMAT = dwarf;
				ENABLE_STRICT_OBJC_MSGSEND = YES;
				ENABLE_TESTABILITY = YES;
				GCC_C_LANGUAGE_STANDARD = gnu99;
				GCC_DYNAMIC_NO_PIC = NO;
				GCC_NO_COMMON_BLOCKS = YES;
				GCC_OPTIMIZATION_LEVEL = 0;
				GCC_PREPROCESSOR_DEFINITIONS = (
					"DEBUG=1",
					"$(inherited)",
				);
				GCC_WARN_64_TO_32_BIT_CONVERSION = YES;
				GCC_WARN_ABOUT_RETURN_TYPE = YES_ERROR;
				GCC_WARN_UNDECLARED_SELECTOR = YES;
				GCC_WARN_UNINITIALIZED_AUTOS = YES_AGGRESSIVE;
				GCC_WARN_UNUSED_FUNCTION = YES;
				GCC_WARN_UNUSED_VARIABLE = YES;
				MACOSX_DEPLOYMENT_TARGET = 10.11;
				MTL_ENABLE_DEBUG_INFO = YES;
				ONLY_ACTIVE_ARCH = YES;
				SDKROOT = macosx;
				SWIFT_OPTIMIZATION_LEVEL = "-Onone";
			};
			name = Debug;
		};
		D7B6845F1D72105C0096F296 /* Release */ = {
			isa = XCBuildConfiguration;
			buildSettings = {
				ALWAYS_SEARCH_USER_PATHS = NO;
				CLANG_ANALYZER_NONNULL = YES;
				CLANG_CXX_LANGUAGE_STANDARD = "gnu++0x";
				CLANG_CXX_LIBRARY = "libc++";
				CLANG_ENABLE_MODULES = YES;
				CLANG_ENABLE_OBJC_ARC = YES;
				CLANG_WARN_BOOL_CONVERSION = YES;
				CLANG_WARN_CONSTANT_CONVERSION = YES;
				CLANG_WARN_DIRECT_OBJC_ISA_USAGE = YES_ERROR;
				CLANG_WARN_EMPTY_BODY = YES;
				CLANG_WARN_ENUM_CONVERSION = YES;
				CLANG_WARN_INFINITE_RECURSION = YES;
				CLANG_WARN_INT_CONVERSION = YES;
				CLANG_WARN_OBJC_ROOT_CLASS = YES_ERROR;
				CLANG_WARN_SUSPICIOUS_MOVE = YES;
				CLANG_WARN_UNREACHABLE_CODE = YES;
				CLANG_WARN__DUPLICATE_METHOD_MATCH = YES;
				CODE_SIGN_IDENTITY = "-";
				COPY_PHASE_STRIP = NO;
				DEBUG_INFORMATION_FORMAT = "dwarf-with-dsym";
				ENABLE_NS_ASSERTIONS = NO;
				ENABLE_STRICT_OBJC_MSGSEND = YES;
				GCC_C_LANGUAGE_STANDARD = gnu99;
				GCC_NO_COMMON_BLOCKS = YES;
				GCC_WARN_64_TO_32_BIT_CONVERSION = YES;
				GCC_WARN_ABOUT_RETURN_TYPE = YES_ERROR;
				GCC_WARN_UNDECLARED_SELECTOR = YES;
				GCC_WARN_UNINITIALIZED_AUTOS = YES_AGGRESSIVE;
				GCC_WARN_UNUSED_FUNCTION = YES;
				GCC_WARN_UNUSED_VARIABLE = YES;
				MACOSX_DEPLOYMENT_TARGET = 10.11;
				MTL_ENABLE_DEBUG_INFO = NO;
				SDKROOT = macosx;
				SWIFT_OPTIMIZATION_LEVEL = "-Owholemodule";
			};
			name = Release;
		};
		D7B684611D72105C0096F296 /* Debug */ = {
			isa = XCBuildConfiguration;
			buildSettings = {
				ALWAYS_EMBED_SWIFT_STANDARD_LIBRARIES = YES;
				ASSETCATALOG_COMPILER_APPICON_NAME = AppIcon;
				CODE_SIGN_IDENTITY = "Mac Developer";
				COMBINE_HIDPI_IMAGES = YES;
				DEVELOPMENT_TEAM = 728R6XS6K7;
				HEADER_SEARCH_PATHS = "${SRCROOT}/mooshimeter-osx/3rdParty/GzipSwift/zlib/**";
				INFOPLIST_FILE = "mooshimeter-osx/Info.plist";
				LD_RUNPATH_SEARCH_PATHS = "$(inherited) @executable_path/../Frameworks";
				PRODUCT_BUNDLE_IDENTIFIER = "com.alfishe.mooshimeter-osx";
				PRODUCT_NAME = "$(TARGET_NAME)";
				SWIFT_VERSION = 3.0;
			};
			name = Debug;
		};
		D7B684621D72105C0096F296 /* Release */ = {
			isa = XCBuildConfiguration;
			buildSettings = {
				ALWAYS_EMBED_SWIFT_STANDARD_LIBRARIES = YES;
				ASSETCATALOG_COMPILER_APPICON_NAME = AppIcon;
				CODE_SIGN_IDENTITY = "Mac Developer";
				COMBINE_HIDPI_IMAGES = YES;
				DEVELOPMENT_TEAM = 728R6XS6K7;
				HEADER_SEARCH_PATHS = "${SRCROOT}/mooshimeter-osx/3rdParty/GzipSwift/zlib/**";
				INFOPLIST_FILE = "mooshimeter-osx/Info.plist";
				LD_RUNPATH_SEARCH_PATHS = "$(inherited) @executable_path/../Frameworks";
				PRODUCT_BUNDLE_IDENTIFIER = "com.alfishe.mooshimeter-osx";
				PRODUCT_NAME = "$(TARGET_NAME)";
				SWIFT_VERSION = 3.0;
			};
			name = Release;
		};
		D7B684641D72105C0096F296 /* Debug */ = {
			isa = XCBuildConfiguration;
			buildSettings = {
				BUNDLE_LOADER = "$(TEST_HOST)";
				COMBINE_HIDPI_IMAGES = YES;
				INFOPLIST_FILE = "mooshimeter-osxTests/Info.plist";
				LD_RUNPATH_SEARCH_PATHS = "$(inherited) @executable_path/../Frameworks @loader_path/../Frameworks";
				PRODUCT_BUNDLE_IDENTIFIER = "com.alfishe.mooshimeter-osxTests";
				PRODUCT_NAME = "$(TARGET_NAME)";
				SWIFT_VERSION = 3.0;
				TEST_HOST = "$(BUILT_PRODUCTS_DIR)/mooshimeter-osx.app/Contents/MacOS/mooshimeter-osx";
			};
			name = Debug;
		};
		D7B684651D72105C0096F296 /* Release */ = {
			isa = XCBuildConfiguration;
			buildSettings = {
				BUNDLE_LOADER = "$(TEST_HOST)";
				COMBINE_HIDPI_IMAGES = YES;
				INFOPLIST_FILE = "mooshimeter-osxTests/Info.plist";
				LD_RUNPATH_SEARCH_PATHS = "$(inherited) @executable_path/../Frameworks @loader_path/../Frameworks";
				PRODUCT_BUNDLE_IDENTIFIER = "com.alfishe.mooshimeter-osxTests";
				PRODUCT_NAME = "$(TARGET_NAME)";
				SWIFT_VERSION = 3.0;
				TEST_HOST = "$(BUILT_PRODUCTS_DIR)/mooshimeter-osx.app/Contents/MacOS/mooshimeter-osx";
			};
			name = Release;
		};
		D7B684671D72105C0096F296 /* Debug */ = {
			isa = XCBuildConfiguration;
			buildSettings = {
				COMBINE_HIDPI_IMAGES = YES;
				INFOPLIST_FILE = "mooshimeter-osxUITests/Info.plist";
				LD_RUNPATH_SEARCH_PATHS = "$(inherited) @executable_path/../Frameworks @loader_path/../Frameworks";
				PRODUCT_BUNDLE_IDENTIFIER = "com.alfishe.mooshimeter-osxUITests";
				PRODUCT_NAME = "$(TARGET_NAME)";
				SWIFT_VERSION = 3.0;
				TEST_TARGET_NAME = "mooshimeter-osx";
			};
			name = Debug;
		};
		D7B684681D72105C0096F296 /* Release */ = {
			isa = XCBuildConfiguration;
			buildSettings = {
				COMBINE_HIDPI_IMAGES = YES;
				INFOPLIST_FILE = "mooshimeter-osxUITests/Info.plist";
				LD_RUNPATH_SEARCH_PATHS = "$(inherited) @executable_path/../Frameworks @loader_path/../Frameworks";
				PRODUCT_BUNDLE_IDENTIFIER = "com.alfishe.mooshimeter-osxUITests";
				PRODUCT_NAME = "$(TARGET_NAME)";
				SWIFT_VERSION = 3.0;
				TEST_TARGET_NAME = "mooshimeter-osx";
			};
			name = Release;
		};
/* End XCBuildConfiguration section */

/* Begin XCConfigurationList section */
		D7988FAD1E062FDA002F7D38 /* Build configuration list for PBXNativeTarget "today-extension" */ = {
			isa = XCConfigurationList;
			buildConfigurations = (
				D7988FAE1E062FDA002F7D38 /* Debug */,
				D7988FAF1E062FDA002F7D38 /* Release */,
			);
			defaultConfigurationIsVisible = 0;
			defaultConfigurationName = Release;
		};
		D7B684361D72105C0096F296 /* Build configuration list for PBXProject "mooshimeter-osx" */ = {
			isa = XCConfigurationList;
			buildConfigurations = (
				D7B6845E1D72105C0096F296 /* Debug */,
				D7B6845F1D72105C0096F296 /* Release */,
			);
			defaultConfigurationIsVisible = 0;
			defaultConfigurationName = Release;
		};
		D7B684601D72105C0096F296 /* Build configuration list for PBXNativeTarget "mooshimeter-osx" */ = {
			isa = XCConfigurationList;
			buildConfigurations = (
				D7B684611D72105C0096F296 /* Debug */,
				D7B684621D72105C0096F296 /* Release */,
			);
			defaultConfigurationIsVisible = 0;
			defaultConfigurationName = Release;
		};
		D7B684631D72105C0096F296 /* Build configuration list for PBXNativeTarget "mooshimeter-osxTests" */ = {
			isa = XCConfigurationList;
			buildConfigurations = (
				D7B684641D72105C0096F296 /* Debug */,
				D7B684651D72105C0096F296 /* Release */,
			);
			defaultConfigurationIsVisible = 0;
			defaultConfigurationName = Release;
		};
		D7B684661D72105C0096F296 /* Build configuration list for PBXNativeTarget "mooshimeter-osxUITests" */ = {
			isa = XCConfigurationList;
			buildConfigurations = (
				D7B684671D72105C0096F296 /* Debug */,
				D7B684681D72105C0096F296 /* Release */,
			);
			defaultConfigurationIsVisible = 0;
			defaultConfigurationName = Release;
		};
/* End XCConfigurationList section */
	};
	rootObject = D7B684331D72105C0096F296 /* Project object */;
}
